
Microsoft Visual Studio Solution File, Format Version 12.00
# Visual Studio Version 17
VisualStudioVersion = 17.9.34723.18
MinimumVisualStudioVersion = 10.0.40219.1
Project("{FAE04EC0-301F-11D3-BF4B-00C04F79EFBC}") = "SimpleAPI", "SimpleAPI\SimpleAPI.csproj", "{20423D19-3EB2-41EF-9894-4D85B3A8132F}"
EndProject
Global
	GlobalSection(SolutionConfigurationPlatforms) = preSolution
		Debug|Any CPU = Debug|Any CPU
		Release|Any CPU = Release|Any CPU
	EndGlobalSection
	GlobalSection(ProjectConfigurationPlatforms) = postSolution
		{20423D19-3EB2-41EF-9894-4D85B3A8132F}.Debug|Any CPU.ActiveCfg = Debug|Any CPU
		{20423D19-3EB2-41EF-9894-4D85B3A8132F}.Debug|Any CPU.Build.0 = Debug|Any CPU
		{20423D19-3EB2-41EF-9894-4D85B3A8132F}.Release|Any CPU.ActiveCfg = Release|Any CPU
		{20423D19-3EB2-41EF-9894-4D85B3A8132F}.Release|Any CPU.Build.0 = Release|Any CPU
	EndGlobalSection
	GlobalSection(SolutionProperties) = preSolution
		HideSolutionNode = FALSE
	EndGlobalSection
	GlobalSection(ExtensibilityGlobals) = postSolution
		SolutionGuid = {D8CE2B53-396C-436F-B4AB-7440A8198CA6}
	EndGlobalSection
EndGlobal
